
Microsoft Visual Studio Solution File, Format Version 12.00
# Visual Studio Version 17
VisualStudioVersion = 17.1.32210.238
MinimumVisualStudioVersion = 10.0.40219.1
Project("{FAE04EC0-301F-11D3-BF4B-00C04F79EFBC}") = "Taller1", "Taller1\Taller1.csproj", "{F5A46D7D-C5BA-4D42-A918-5A4FA6783029}"
EndProject
Global
	GlobalSection(SolutionConfigurationPlatforms) = preSolution
		Debug|Any CPU = Debug|Any CPU
		Release|Any CPU = Release|Any CPU
	EndGlobalSection
	GlobalSection(ProjectConfigurationPlatforms) = postSolution
		{F5A46D7D-C5BA-4D42-A918-5A4FA6783029}.Debug|Any CPU.ActiveCfg = Debug|Any CPU
		{F5A46D7D-C5BA-4D42-A918-5A4FA6783029}.Debug|Any CPU.Build.0 = Debug|Any CPU
		{F5A46D7D-C5BA-4D42-A918-5A4FA6783029}.Release|Any CPU.ActiveCfg = Release|Any CPU
		{F5A46D7D-C5BA-4D42-A918-5A4FA6783029}.Release|Any CPU.Build.0 = Release|Any CPU
	EndGlobalSection
	GlobalSection(SolutionProperties) = preSolution
		HideSolutionNode = FALSE
	EndGlobalSection
	GlobalSection(ExtensibilityGlobals) = postSolution
		SolutionGuid = {5B8CFA2A-50A0-4396-8A72-6FA8784E32A4}
	EndGlobalSection
EndGlobal
